
Microsoft Visual Studio Solution File, Format Version 12.00
# Visual Studio 15
VisualStudioVersion = 15.0.26403.7
MinimumVisualStudioVersion = 10.0.40219.1
Project("{FAE04EC0-301F-11D3-BF4B-00C04F79EFBC}") = "IsPrimeRuntimeComponent", "IsPrimeRuntimeComponent\IsPrimeRuntimeComponent.csproj", "{E293EAE7-2698-4CDC-B107-A049AD93BB14}"
EndProject
Global
	GlobalSection(SolutionConfigurationPlatforms) = preSolution
		Debug|Any CPU = Debug|Any CPU
		Debug|ARM = Debug|ARM
		Debug|x64 = Debug|x64
		Debug|x86 = Debug|x86
		Release|Any CPU = Release|Any CPU
		Release|ARM = Release|ARM
		Release|x64 = Release|x64
		Release|x86 = Release|x86
	EndGlobalSection
	GlobalSection(ProjectConfigurationPlatforms) = postSolution
		{E293EAE7-2698-4CDC-B107-A049AD93BB14}.Debug|Any CPU.ActiveCfg = Debug|Any CPU
		{E293EAE7-2698-4CDC-B107-A049AD93BB14}.Debug|Any CPU.Build.0 = Debug|Any CPU
		{E293EAE7-2698-4CDC-B107-A049AD93BB14}.Debug|ARM.ActiveCfg = Debug|ARM
		{E293EAE7-2698-4CDC-B107-A049AD93BB14}.Debug|ARM.Build.0 = Debug|ARM
		{E293EAE7-2698-4CDC-B107-A049AD93BB14}.Debug|x64.ActiveCfg = Debug|x64
		{E293EAE7-2698-4CDC-B107-A049AD93BB14}.Debug|x64.Build.0 = Debug|x64
		{E293EAE7-2698-4CDC-B107-A049AD93BB14}.Debug|x86.ActiveCfg = Debug|x86
		{E293EAE7-2698-4CDC-B107-A049AD93BB14}.Debug|x86.Build.0 = Debug|x86
		{E293EAE7-2698-4CDC-B107-A049AD93BB14}.Release|Any CPU.ActiveCfg = Release|Any CPU
		{E293EAE7-2698-4CDC-B107-A049AD93BB14}.Release|Any CPU.Build.0 = Release|Any CPU
		{E293EAE7-2698-4CDC-B107-A049AD93BB14}.Release|ARM.ActiveCfg = Release|ARM
		{E293EAE7-2698-4CDC-B107-A049AD93BB14}.Release|ARM.Build.0 = Release|ARM
		{E293EAE7-2698-4CDC-B107-A049AD93BB14}.Release|x64.ActiveCfg = Release|x64
		{E293EAE7-2698-4CDC-B107-A049AD93BB14}.Release|x64.Build.0 = Release|x64
		{E293EAE7-2698-4CDC-B107-A049AD93BB14}.Release|x86.ActiveCfg = Release|x86
		{E293EAE7-2698-4CDC-B107-A049AD93BB14}.Release|x86.Build.0 = Release|x86
	EndGlobalSection
	GlobalSection(SolutionProperties) = preSolution
		HideSolutionNode = FALSE
	EndGlobalSection
EndGlobal
